
Microsoft Visual Studio Solution File, Format Version 12.00
# Visual Studio Version 17
VisualStudioVersion = 17.14.36915.13 d17.14
MinimumVisualStudioVersion = 10.0.40219.1
Project("{FAE04EC0-301F-11D3-BF4B-00C04F79EFBC}") = "Pop-o-matic Trouble Board Game", "Pop-o-matic Trouble Board Game.csproj", "{A0027F2F-BB26-4A13-A218-E08052645229}"
EndProject
Global
	GlobalSection(SolutionConfigurationPlatforms) = preSolution
		Debug|Any CPU = Debug|Any CPU
		Release|Any CPU = Release|Any CPU
	EndGlobalSection
	GlobalSection(ProjectConfigurationPlatforms) = postSolution
		{A0027F2F-BB26-4A13-A218-E08052645229}.Debug|Any CPU.ActiveCfg = Debug|Any CPU
		{A0027F2F-BB26-4A13-A218-E08052645229}.Debug|Any CPU.Build.0 = Debug|Any CPU
		{A0027F2F-BB26-4A13-A218-E08052645229}.Release|Any CPU.ActiveCfg = Release|Any CPU
		{A0027F2F-BB26-4A13-A218-E08052645229}.Release|Any CPU.Build.0 = Release|Any CPU
	EndGlobalSection
	GlobalSection(SolutionProperties) = preSolution
		HideSolutionNode = FALSE
	EndGlobalSection
	GlobalSection(ExtensibilityGlobals) = postSolution
		SolutionGuid = {D33FFD75-5ED5-46C1-AB8D-15AACE375E9B}
	EndGlobalSection
EndGlobal
